// !$*UTF8*$!
{
	archiveVersion = 1;
	classes = {
	};
	objectVersion = 48;
	objects = {

/* Begin PBXBuildFile section */
		6A71F063206D1B1600FE451B /* AppDelegate.swift in Sources */ = {isa = PBXBuildFile; fileRef = 6A71F062206D1B1600FE451B /* AppDelegate.swift */; };
		6A71F065206D1B1600FE451B /* FeedVC.swift in Sources */ = {isa = PBXBuildFile; fileRef = 6A71F064206D1B1600FE451B /* FeedVC.swift */; };
		6A71F067206D1B1600FE451B /* GroupVC.swift in Sources */ = {isa = PBXBuildFile; fileRef = 6A71F066206D1B1600FE451B /* GroupVC.swift */; };
		6A71F06A206D1B1600FE451B /* Main.storyboard in Resources */ = {isa = PBXBuildFile; fileRef = 6A71F068206D1B1600FE451B /* Main.storyboard */; };
		6A71F06C206D1B1600FE451B /* Assets.xcassets in Resources */ = {isa = PBXBuildFile; fileRef = 6A71F06B206D1B1600FE451B /* Assets.xcassets */; };
		6A71F06F206D1B1600FE451B /* LaunchScreen.storyboard in Resources */ = {isa = PBXBuildFile; fileRef = 6A71F06D206D1B1600FE451B /* LaunchScreen.storyboard */; };
		6A71F084206D1F0500FE451B /* GoogleService-Info.plist in Resources */ = {isa = PBXBuildFile; fileRef = 6A71F083206D1F0400FE451B /* GoogleService-Info.plist */; };
		6A71F086206D5B5400FE451B /* DataService.swift in Sources */ = {isa = PBXBuildFile; fileRef = 6A71F085206D5B5400FE451B /* DataService.swift */; };
		6A71F08A206D6E7200FE451B /* AuthVC.swift in Sources */ = {isa = PBXBuildFile; fileRef = 6A71F089206D6E7200FE451B /* AuthVC.swift */; };
		6A71F08C206D6EDC00FE451B /* LoginVC.swift in Sources */ = {isa = PBXBuildFile; fileRef = 6A71F08B206D6EDC00FE451B /* LoginVC.swift */; };
		6A71F090206D723700FE451B /* AuthService.swift in Sources */ = {isa = PBXBuildFile; fileRef = 6A71F08F206D723700FE451B /* AuthService.swift */; };
		6A71F092206E0CB000FE451B /* MeVC.swift in Sources */ = {isa = PBXBuildFile; fileRef = 6A71F091206E0CB000FE451B /* MeVC.swift */; };
		6A71F094206E195300FE451B /* CreatePostVC.swift in Sources */ = {isa = PBXBuildFile; fileRef = 6A71F093206E195300FE451B /* CreatePostVC.swift */; };
		976D2963685EC5033071D89B /* Pods_breakpoint.framework in Frameworks */ = {isa = PBXBuildFile; fileRef = E60F15B6681D2A300F0280CC /* Pods_breakpoint.framework */; };
/* End PBXBuildFile section */

/* Begin PBXFileReference section */
		6A71F05F206D1B1600FE451B /* breakpoint.app */ = {isa = PBXFileReference; explicitFileType = wrapper.application; includeInIndex = 0; path = breakpoint.app; sourceTree = BUILT_PRODUCTS_DIR; };
		6A71F062206D1B1600FE451B /* AppDelegate.swift */ = {isa = PBXFileReference; lastKnownFileType = sourcecode.swift; path = AppDelegate.swift; sourceTree = "<group>"; };
		6A71F064206D1B1600FE451B /* FeedVC.swift */ = {isa = PBXFileReference; lastKnownFileType = sourcecode.swift; path = FeedVC.swift; sourceTree = "<group>"; };
		6A71F066206D1B1600FE451B /* GroupVC.swift */ = {isa = PBXFileReference; lastKnownFileType = sourcecode.swift; path = GroupVC.swift; sourceTree = "<group>"; };
		6A71F069206D1B1600FE451B /* Base */ = {isa = PBXFileReference; lastKnownFileType = file.storyboard; name = Base; path = Base.lproj/Main.storyboard; sourceTree = "<group>"; };
		6A71F06B206D1B1600FE451B /* Assets.xcassets */ = {isa = PBXFileReference; lastKnownFileType = folder.assetcatalog; path = Assets.xcassets; sourceTree = "<group>"; };
		6A71F06E206D1B1600FE451B /* Base */ = {isa = PBXFileReference; lastKnownFileType = file.storyboard; name = Base; path = Base.lproj/LaunchScreen.storyboard; sourceTree = "<group>"; };
		6A71F070206D1B1600FE451B /* Info.plist */ = {isa = PBXFileReference; lastKnownFileType = text.plist.xml; path = Info.plist; sourceTree = "<group>"; };
		6A71F083206D1F0400FE451B /* GoogleService-Info.plist */ = {isa = PBXFileReference; fileEncoding = 4; lastKnownFileType = text.plist.xml; path = "GoogleService-Info.plist"; sourceTree = "<group>"; };
		6A71F085206D5B5400FE451B /* DataService.swift */ = {isa = PBXFileReference; lastKnownFileType = sourcecode.swift; path = DataService.swift; sourceTree = "<group>"; };
		6A71F089206D6E7200FE451B /* AuthVC.swift */ = {isa = PBXFileReference; lastKnownFileType = sourcecode.swift; path = AuthVC.swift; sourceTree = "<group>"; };
		6A71F08B206D6EDC00FE451B /* LoginVC.swift */ = {isa = PBXFileReference; lastKnownFileType = sourcecode.swift; path = LoginVC.swift; sourceTree = "<group>"; };
		6A71F08F206D723700FE451B /* AuthService.swift */ = {isa = PBXFileReference; lastKnownFileType = sourcecode.swift; path = AuthService.swift; sourceTree = "<group>"; };
		6A71F091206E0CB000FE451B /* MeVC.swift */ = {isa = PBXFileReference; lastKnownFileType = sourcecode.swift; path = MeVC.swift; sourceTree = "<group>"; };
		6A71F093206E195300FE451B /* CreatePostVC.swift */ = {isa = PBXFileReference; lastKnownFileType = sourcecode.swift; path = CreatePostVC.swift; sourceTree = "<group>"; };
		A237148D5AEEA7C143844A5A /* Pods-breakpoint.release.xcconfig */ = {isa = PBXFileReference; includeInIndex = 1; lastKnownFileType = text.xcconfig; name = "Pods-breakpoint.release.xcconfig"; path = "Pods/Target Support Files/Pods-breakpoint/Pods-breakpoint.release.xcconfig"; sourceTree = "<group>"; };
		A7159F361C5BAE36F31F0472 /* Pods-breakpoint.debug.xcconfig */ = {isa = PBXFileReference; includeInIndex = 1; lastKnownFileType = text.xcconfig; name = "Pods-breakpoint.debug.xcconfig"; path = "Pods/Target Support Files/Pods-breakpoint/Pods-breakpoint.debug.xcconfig"; sourceTree = "<group>"; };
		E60F15B6681D2A300F0280CC /* Pods_breakpoint.framework */ = {isa = PBXFileReference; explicitFileType = wrapper.framework; includeInIndex = 0; path = Pods_breakpoint.framework; sourceTree = BUILT_PRODUCTS_DIR; };
/* End PBXFileReference section */

/* Begin PBXFrameworksBuildPhase section */
		6A71F05C206D1B1600FE451B /* Frameworks */ = {
			isa = PBXFrameworksBuildPhase;
			buildActionMask = 2147483647;
			files = (
				976D2963685EC5033071D89B /* Pods_breakpoint.framework in Frameworks */,
			);
			runOnlyForDeploymentPostprocessing = 0;
		};
/* End PBXFrameworksBuildPhase section */

/* Begin PBXGroup section */
		2140FE73B5FA9C905F11657A /* Frameworks */ = {
			isa = PBXGroup;
			children = (
				E60F15B6681D2A300F0280CC /* Pods_breakpoint.framework */,
			);
			name = Frameworks;
			sourceTree = "<group>";
		};
		241BA1C942FFB97E0CFEF34B /* Pods */ = {
			isa = PBXGroup;
			children = (
				A7159F361C5BAE36F31F0472 /* Pods-breakpoint.debug.xcconfig */,
				A237148D5AEEA7C143844A5A /* Pods-breakpoint.release.xcconfig */,
			);
			name = Pods;
			sourceTree = "<group>";
		};
		6A71F056206D1B1600FE451B = {
			isa = PBXGroup;
			children = (
				6A71F061206D1B1600FE451B /* breakpoint */,
				6A71F060206D1B1600FE451B /* Products */,
				241BA1C942FFB97E0CFEF34B /* Pods */,
				2140FE73B5FA9C905F11657A /* Frameworks */,
			);
			sourceTree = "<group>";
		};
		6A71F060206D1B1600FE451B /* Products */ = {
			isa = PBXGroup;
			children = (
				6A71F05F206D1B1600FE451B /* breakpoint.app */,
			);
			name = Products;
			sourceTree = "<group>";
		};
		6A71F061206D1B1600FE451B /* breakpoint */ = {
			isa = PBXGroup;
			children = (
				6A71F082206D1E6D00FE451B /* Extensions */,
				6A71F081206D1E6400FE451B /* View */,
				6A71F080206D1E5A00FE451B /* Model */,
				6A71F07F206D1E5400FE451B /* Services */,
				6A71F07E206D1E4A00FE451B /* Controllers */,
				6A71F062206D1B1600FE451B /* AppDelegate.swift */,
				6A71F068206D1B1600FE451B /* Main.storyboard */,
				6A71F06B206D1B1600FE451B /* Assets.xcassets */,
				6A71F06D206D1B1600FE451B /* LaunchScreen.storyboard */,
				6A71F083206D1F0400FE451B /* GoogleService-Info.plist */,
				6A71F070206D1B1600FE451B /* Info.plist */,
			);
			path = breakpoint;
			sourceTree = "<group>";
		};
		6A71F07E206D1E4A00FE451B /* Controllers */ = {
			isa = PBXGroup;
			children = (
				6A71F066206D1B1600FE451B /* GroupVC.swift */,
				6A71F064206D1B1600FE451B /* FeedVC.swift */,
				6A71F089206D6E7200FE451B /* AuthVC.swift */,
				6A71F08B206D6EDC00FE451B /* LoginVC.swift */,
				6A71F091206E0CB000FE451B /* MeVC.swift */,
				6A71F093206E195300FE451B /* CreatePostVC.swift */,
			);
			path = Controllers;
			sourceTree = "<group>";
		};
		6A71F07F206D1E5400FE451B /* Services */ = {
			isa = PBXGroup;
			children = (
				6A71F085206D5B5400FE451B /* DataService.swift */,
				6A71F08F206D723700FE451B /* AuthService.swift */,
			);
			path = Services;
			sourceTree = "<group>";
		};
		6A71F080206D1E5A00FE451B /* Model */ = {
			isa = PBXGroup;
			children = (
			);
			path = Model;
			sourceTree = "<group>";
		};
		6A71F081206D1E6400FE451B /* View */ = {
			isa = PBXGroup;
			children = (
			);
			path = View;
			sourceTree = "<group>";
		};
		6A71F082206D1E6D00FE451B /* Extensions */ = {
			isa = PBXGroup;
			children = (
			);
			path = Extensions;
			sourceTree = "<group>";
		};
/* End PBXGroup section */

/* Begin PBXNativeTarget section */
		6A71F05E206D1B1600FE451B /* breakpoint */ = {
			isa = PBXNativeTarget;
			buildConfigurationList = 6A71F073206D1B1600FE451B /* Build configuration list for PBXNativeTarget "breakpoint" */;
			buildPhases = (
				6E1BB502DB032798A9805178 /* [CP] Check Pods Manifest.lock */,
				6A71F05B206D1B1600FE451B /* Sources */,
				6A71F05C206D1B1600FE451B /* Frameworks */,
				6A71F05D206D1B1600FE451B /* Resources */,
				CA53193C5EAA457E6C5D1D92 /* [CP] Embed Pods Frameworks */,
				99AC69D69BC5BE2FF7183F7A /* [CP] Copy Pods Resources */,
			);
			buildRules = (
			);
			dependencies = (
			);
			name = breakpoint;
			productName = breakpoint;
			productReference = 6A71F05F206D1B1600FE451B /* breakpoint.app */;
			productType = "com.apple.product-type.application";
		};
/* End PBXNativeTarget section */

/* Begin PBXProject section */
		6A71F057206D1B1600FE451B /* Project object */ = {
			isa = PBXProject;
			attributes = {
				LastSwiftUpdateCheck = 0920;
				LastUpgradeCheck = 0920;
				ORGANIZATIONNAME = HuyTrinh;
				TargetAttributes = {
					6A71F05E206D1B1600FE451B = {
						CreatedOnToolsVersion = 9.2;
						ProvisioningStyle = Automatic;
					};
				};
			};
			buildConfigurationList = 6A71F05A206D1B1600FE451B /* Build configuration list for PBXProject "breakpoint" */;
			compatibilityVersion = "Xcode 8.0";
			developmentRegion = en;
			hasScannedForEncodings = 0;
			knownRegions = (
				en,
				Base,
			);
			mainGroup = 6A71F056206D1B1600FE451B;
			productRefGroup = 6A71F060206D1B1600FE451B /* Products */;
			projectDirPath = "";
			projectRoot = "";
			targets = (
				6A71F05E206D1B1600FE451B /* breakpoint */,
			);
		};
/* End PBXProject section */

/* Begin PBXResourcesBuildPhase section */
		6A71F05D206D1B1600FE451B /* Resources */ = {
			isa = PBXResourcesBuildPhase;
			buildActionMask = 2147483647;
			files = (
				6A71F06F206D1B1600FE451B /* LaunchScreen.storyboard in Resources */,
				6A71F084206D1F0500FE451B /* GoogleService-Info.plist in Resources */,
				6A71F06C206D1B1600FE451B /* Assets.xcassets in Resources */,
				6A71F06A206D1B1600FE451B /* Main.storyboard in Resources */,
			);
			runOnlyForDeploymentPostprocessing = 0;
		};
/* End PBXResourcesBuildPhase section */

/* Begin PBXShellScriptBuildPhase section */
		6E1BB502DB032798A9805178 /* [CP] Check Pods Manifest.lock */ = {
			isa = PBXShellScriptBuildPhase;
			buildActionMask = 2147483647;
			files = (
			);
			inputPaths = (
				"${PODS_PODFILE_DIR_PATH}/Podfile.lock",
				"${PODS_ROOT}/Manifest.lock",
			);
			name = "[CP] Check Pods Manifest.lock";
			outputPaths = (
				"$(DERIVED_FILE_DIR)/Pods-breakpoint-checkManifestLockResult.txt",
			);
			runOnlyForDeploymentPostprocessing = 0;
			shellPath = /bin/sh;
			shellScript = "diff \"${PODS_PODFILE_DIR_PATH}/Podfile.lock\" \"${PODS_ROOT}/Manifest.lock\" > /dev/null\nif [ $? != 0 ] ; then\n    # print error to STDERR\n    echo \"error: The sandbox is not in sync with the Podfile.lock. Run 'pod install' or update your CocoaPods installation.\" >&2\n    exit 1\nfi\n# This output is used by Xcode 'outputs' to avoid re-running this script phase.\necho \"SUCCESS\" > \"${SCRIPT_OUTPUT_FILE_0}\"\n";
			showEnvVarsInLog = 0;
		};
		99AC69D69BC5BE2FF7183F7A /* [CP] Copy Pods Resources */ = {
			isa = PBXShellScriptBuildPhase;
			buildActionMask = 2147483647;
			files = (
			);
			inputPaths = (
			);
			name = "[CP] Copy Pods Resources";
			outputPaths = (
			);
			runOnlyForDeploymentPostprocessing = 0;
			shellPath = /bin/sh;
			shellScript = "\"${SRCROOT}/Pods/Target Support Files/Pods-breakpoint/Pods-breakpoint-resources.sh\"\n";
			showEnvVarsInLog = 0;
		};
		CA53193C5EAA457E6C5D1D92 /* [CP] Embed Pods Frameworks */ = {
			isa = PBXShellScriptBuildPhase;
			buildActionMask = 2147483647;
			files = (
			);
			inputPaths = (
				"${SRCROOT}/Pods/Target Support Files/Pods-breakpoint/Pods-breakpoint-frameworks.sh",
				"${BUILT_PRODUCTS_DIR}/GTMSessionFetcher/GTMSessionFetcher.framework",
				"${BUILT_PRODUCTS_DIR}/GoogleToolboxForMac/GoogleToolboxForMac.framework",
				"${BUILT_PRODUCTS_DIR}/leveldb-library/leveldb.framework",
				"${BUILT_PRODUCTS_DIR}/nanopb/nanopb.framework",
			);
			name = "[CP] Embed Pods Frameworks";
			outputPaths = (
				"${TARGET_BUILD_DIR}/${FRAMEWORKS_FOLDER_PATH}/GTMSessionFetcher.framework",
				"${TARGET_BUILD_DIR}/${FRAMEWORKS_FOLDER_PATH}/GoogleToolboxForMac.framework",
				"${TARGET_BUILD_DIR}/${FRAMEWORKS_FOLDER_PATH}/leveldb.framework",
				"${TARGET_BUILD_DIR}/${FRAMEWORKS_FOLDER_PATH}/nanopb.framework",
			);
			runOnlyForDeploymentPostprocessing = 0;
			shellPath = /bin/sh;
			shellScript = "\"${SRCROOT}/Pods/Target Support Files/Pods-breakpoint/Pods-breakpoint-frameworks.sh\"\n";
			showEnvVarsInLog = 0;
		};
/* End PBXShellScriptBuildPhase section */

/* Begin PBXSourcesBuildPhase section */
		6A71F05B206D1B1600FE451B /* Sources */ = {
			isa = PBXSourcesBuildPhase;
			buildActionMask = 2147483647;
			files = (
				6A71F092206E0CB000FE451B /* MeVC.swift in Sources */,
				6A71F08A206D6E7200FE451B /* AuthVC.swift in Sources */,
				6A71F094206E195300FE451B /* CreatePostVC.swift in Sources */,
				6A71F067206D1B1600FE451B /* GroupVC.swift in Sources */,
				6A71F08C206D6EDC00FE451B /* LoginVC.swift in Sources */,
				6A71F063206D1B1600FE451B /* AppDelegate.swift in Sources */,
				6A71F065206D1B1600FE451B /* FeedVC.swift in Sources */,
				6A71F086206D5B5400FE451B /* DataService.swift in Sources */,
				6A71F090206D723700FE451B /* AuthService.swift in Sources */,
			);
			runOnlyForDeploymentPostprocessing = 0;
		};
/* End PBXSourcesBuildPhase section */

/* Begin PBXVariantGroup section */
		6A71F068206D1B1600FE451B /* Main.storyboard */ = {
			isa = PBXVariantGroup;
			children = (
				6A71F069206D1B1600FE451B /* Base */,
			);
			name = Main.storyboard;
			sourceTree = "<group>";
		};
		6A71F06D206D1B1600FE451B /* LaunchScreen.storyboard */ = {
			isa = PBXVariantGroup;
			children = (
				6A71F06E206D1B1600FE451B /* Base */,
			);
			name = LaunchScreen.storyboard;
			sourceTree = "<group>";
		};
/* End PBXVariantGroup section */

/* Begin XCBuildConfiguration section */
		6A71F071206D1B1600FE451B /* Debug */ = {
			isa = XCBuildConfiguration;
			buildSettings = {
				ALWAYS_SEARCH_USER_PATHS = NO;
				CLANG_ANALYZER_NONNULL = YES;
				CLANG_ANALYZER_NUMBER_OBJECT_CONVERSION = YES_AGGRESSIVE;
				CLANG_CXX_LANGUAGE_STANDARD = "gnu++14";
				CLANG_CXX_LIBRARY = "libc++";
				CLANG_ENABLE_MODULES = YES;
				CLANG_ENABLE_OBJC_ARC = YES;
				CLANG_WARN_BLOCK_CAPTURE_AUTORELEASING = YES;
				CLANG_WARN_BOOL_CONVERSION = YES;
				CLANG_WARN_COMMA = YES;
				CLANG_WARN_CONSTANT_CONVERSION = YES;
				CLANG_WARN_DIRECT_OBJC_ISA_USAGE = YES_ERROR;
				CLANG_WARN_DOCUMENTATION_COMMENTS = YES;
				CLANG_WARN_EMPTY_BODY = YES;
				CLANG_WARN_ENUM_CONVERSION = YES;
				CLANG_WARN_INFINITE_RECURSION = YES;
				CLANG_WARN_INT_CONVERSION = YES;
				CLANG_WARN_NON_LITERAL_NULL_CONVERSION = YES;
				CLANG_WARN_OBJC_LITERAL_CONVERSION = YES;
				CLANG_WARN_OBJC_ROOT_CLASS = YES_ERROR;
				CLANG_WARN_RANGE_LOOP_ANALYSIS = YES;
				CLANG_WARN_STRICT_PROTOTYPES = YES;
				CLANG_WARN_SUSPICIOUS_MOVE = YES;
				CLANG_WARN_UNGUARDED_AVAILABILITY = YES_AGGRESSIVE;
				CLANG_WARN_UNREACHABLE_CODE = YES;
				CLANG_WARN__DUPLICATE_METHOD_MATCH = YES;
				CODE_SIGN_IDENTITY = "iPhone Developer";
				COPY_PHASE_STRIP = NO;
				DEBUG_INFORMATION_FORMAT = dwarf;
				ENABLE_STRICT_OBJC_MSGSEND = YES;
				ENABLE_TESTABILITY = YES;
				GCC_C_LANGUAGE_STANDARD = gnu11;
				GCC_DYNAMIC_NO_PIC = NO;
				GCC_NO_COMMON_BLOCKS = YES;
				GCC_OPTIMIZATION_LEVEL = 0;
				GCC_PREPROCESSOR_DEFINITIONS = (
					"DEBUG=1",
					"$(inherited)",
				);
				GCC_WARN_64_TO_32_BIT_CONVERSION = YES;
				GCC_WARN_ABOUT_RETURN_TYPE = YES_ERROR;
				GCC_WARN_UNDECLARED_SELECTOR = YES;
				GCC_WARN_UNINITIALIZED_AUTOS = YES_AGGRESSIVE;
				GCC_WARN_UNUSED_FUNCTION = YES;
				GCC_WARN_UNUSED_VARIABLE = YES;
				IPHONEOS_DEPLOYMENT_TARGET = 11.2;
				MTL_ENABLE_DEBUG_INFO = YES;
				ONLY_ACTIVE_ARCH = YES;
				SDKROOT = iphoneos;
				SWIFT_ACTIVE_COMPILATION_CONDITIONS = DEBUG;
				SWIFT_OPTIMIZATION_LEVEL = "-Onone";
			};
			name = Debug;
		};
		6A71F072206D1B1600FE451B /* Release */ = {
			isa = XCBuildConfiguration;
			buildSettings = {
				ALWAYS_SEARCH_USER_PATHS = NO;
				CLANG_ANALYZER_NONNULL = YES;
				CLANG_ANALYZER_NUMBER_OBJECT_CONVERSION = YES_AGGRESSIVE;
				CLANG_CXX_LANGUAGE_STANDARD = "gnu++14";
				CLANG_CXX_LIBRARY = "libc++";
				CLANG_ENABLE_MODULES = YES;
				CLANG_ENABLE_OBJC_ARC = YES;
				CLANG_WARN_BLOCK_CAPTURE_AUTORELEASING = YES;
				CLANG_WARN_BOOL_CONVERSION = YES;
				CLANG_WARN_COMMA = YES;
				CLANG_WARN_CONSTANT_CONVERSION = YES;
				CLANG_WARN_DIRECT_OBJC_ISA_USAGE = YES_ERROR;
				CLANG_WARN_DOCUMENTATION_COMMENTS = YES;
				CLANG_WARN_EMPTY_BODY = YES;
				CLANG_WARN_ENUM_CONVERSION = YES;
				CLANG_WARN_INFINITE_RECURSION = YES;
				CLANG_WARN_INT_CONVERSION = YES;
				CLANG_WARN_NON_LITERAL_NULL_CONVERSION = YES;
				CLANG_WARN_OBJC_LITERAL_CONVERSION = YES;
				CLANG_WARN_OBJC_ROOT_CLASS = YES_ERROR;
				CLANG_WARN_RANGE_LOOP_ANALYSIS = YES;
				CLANG_WARN_STRICT_PROTOTYPES = YES;
				CLANG_WARN_SUSPICIOUS_MOVE = YES;
				CLANG_WARN_UNGUARDED_AVAILABILITY = YES_AGGRESSIVE;
				CLANG_WARN_UNREACHABLE_CODE = YES;
				CLANG_WARN__DUPLICATE_METHOD_MATCH = YES;
				CODE_SIGN_IDENTITY = "iPhone Developer";
				COPY_PHASE_STRIP = NO;
				DEBUG_INFORMATION_FORMAT = "dwarf-with-dsym";
				ENABLE_NS_ASSERTIONS = NO;
				ENABLE_STRICT_OBJC_MSGSEND = YES;
				GCC_C_LANGUAGE_STANDARD = gnu11;
				GCC_NO_COMMON_BLOCKS = YES;
				GCC_WARN_64_TO_32_BIT_CONVERSION = YES;
				GCC_WARN_ABOUT_RETURN_TYPE = YES_ERROR;
				GCC_WARN_UNDECLARED_SELECTOR = YES;
				GCC_WARN_UNINITIALIZED_AUTOS = YES_AGGRESSIVE;
				GCC_WARN_UNUSED_FUNCTION = YES;
				GCC_WARN_UNUSED_VARIABLE = YES;
				IPHONEOS_DEPLOYMENT_TARGET = 11.2;
				MTL_ENABLE_DEBUG_INFO = NO;
				SDKROOT = iphoneos;
				SWIFT_OPTIMIZATION_LEVEL = "-Owholemodule";
				VALIDATE_PRODUCT = YES;
			};
			name = Release;
		};
		6A71F074206D1B1600FE451B /* Debug */ = {
			isa = XCBuildConfiguration;
			baseConfigurationReference = A7159F361C5BAE36F31F0472 /* Pods-breakpoint.debug.xcconfig */;
			buildSettings = {
				ASSETCATALOG_COMPILER_APPICON_NAME = AppIcon;
				CODE_SIGN_STYLE = Automatic;
				INFOPLIST_FILE = breakpoint/Info.plist;
				LD_RUNPATH_SEARCH_PATHS = "$(inherited) @executable_path/Frameworks";
				PRODUCT_BUNDLE_IDENTIFIER = com.huytrinh.breakpoint;
				PRODUCT_NAME = "$(TARGET_NAME)";
				SWIFT_VERSION = 4.0;
				TARGETED_DEVICE_FAMILY = "1,2";
			};
			name = Debug;
		};
		6A71F075206D1B1600FE451B /* Release */ = {
			isa = XCBuildConfiguration;
			baseConfigurationReference = A237148D5AEEA7C143844A5A /* Pods-breakpoint.release.xcconfig */;
			buildSettings = {
				ASSETCATALOG_COMPILER_APPICON_NAME = AppIcon;
				CODE_SIGN_STYLE = Automatic;
				INFOPLIST_FILE = breakpoint/Info.plist;
				LD_RUNPATH_SEARCH_PATHS = "$(inherited) @executable_path/Frameworks";
				PRODUCT_BUNDLE_IDENTIFIER = com.huytrinh.breakpoint;
				PRODUCT_NAME = "$(TARGET_NAME)";
				SWIFT_VERSION = 4.0;
				TARGETED_DEVICE_FAMILY = "1,2";
			};
			name = Release;
		};
/* End XCBuildConfiguration section */

/* Begin XCConfigurationList section */
		6A71F05A206D1B1600FE451B /* Build configuration list for PBXProject "breakpoint" */ = {
			isa = XCConfigurationList;
			buildConfigurations = (
				6A71F071206D1B1600FE451B /* Debug */,
				6A71F072206D1B1600FE451B /* Release */,
			);
			defaultConfigurationIsVisible = 0;
			defaultConfigurationName = Release;
		};
		6A71F073206D1B1600FE451B /* Build configuration list for PBXNativeTarget "breakpoint" */ = {
			isa = XCConfigurationList;
			buildConfigurations = (
				6A71F074206D1B1600FE451B /* Debug */,
				6A71F075206D1B1600FE451B /* Release */,
			);
			defaultConfigurationIsVisible = 0;
			defaultConfigurationName = Release;
		};
/* End XCConfigurationList section */
	};
	rootObject = 6A71F057206D1B1600FE451B /* Project object */;
}
